github.com/dustin/go-humanize v1.0.0 h1:VSnTsYCnlFHaM2/igO1h6X3HA71jcobQuxemgkq4zYo=
github.com/dustin/go-humanize v1.0.0/go.mod h1:HtrtbFcZ19U5GC7JDqmcUSB87Iq5E25KnS6fMYU6eOk=
github.com/go-sql-driver/mysql v1.5.0/go.mod h1:DCzpHaOWr8IXmIStZouvnhqoel9Qv2LBy8hT2VhHyBg=
github.com/golang/snappy v0.0.1 h1:Qgr9rKW7uDUkrbSmQeiDsGa8SjGyCOGtuasMWwvp2P4=
github.com/golang/snappy v0.0.1/go.mod h1:/XxbfmMg8lxefKM7IXC3fBNl/7bRcc72aCRzEWrmP2Q=
github.com/jmoiron/sqlx v1.3.4 h1:wv+0IJZfL5z0uZoUjlpKgHkgaFSYD+r9CfrXjEXsO7w=
github.com/jmoiron/sqlx v1.3.4/go.mod h1:2BljVx/86SuTyjE+aPYlHCTNvZrnJXghYGpNiXLBMCQ=
github.com/lib/pq v1.2.0/go.mod h1:5WUZQaWbwv1U+lTReE5YruASi9Al49XbQIvNi/34Woo=
github.com/lib/pq v1.10.3 h1:v9QZf2Sn6AmjXtQeFpdoq/eaNtYP6IN+7lcrygsIAtg=
github.com/lib/pq v1.10.3/go.mod h1:AlVN5x4E4T544tWzH6hKfbfQvm3HdbOxrmggDNAPY9o=
github.com/mattn/go-sqlite3 v1.14.6/go.mod h1:NyWgC/yNuGj7Q9rpYnZvas74GogHl5/Z4A/KQRfk6bU=
github.com/nsqio/go-nsq v1.0.8 h1:3L2F8tNLlwXXlp2slDUrUWSBn2O3nMh8R1/KEDFTHPk=
github.com/nsqio/go-nsq v1.0.8/go.mod h1:vKq36oyeVXgsS5Q8YEO7WghqidAVXQlcFxzQbQTuDEY=
github.com/segmentio/go-queue v0.0.0-20170509054710-42d4d0f688cb h1:KAW2OJ6SYNAb9u2Uj6NR72gDVMsuVeICa5Di+qCLqH8=
github.com/segmentio/go-queue v0.0.0-20170509054710-42d4d0f688cb/go.mod h1:LotlNsJys9tMZmnlvFZ6Bified36B+DpqgMF463pD0g=
github.com/segmentio/go-stats v1.2.0 h1:HqbtKXycQ/wiu3QvmiEacoTtJZphKzvga8OpvVV7us0=
github.com/segmentio/go-stats v1.2.0/go.mod h1:Cn7/Q3QxCGmfVCAcHFce5Iz/91lGc9bxqRZEoYWy9WU=
github.com/tj/docopt v1.0.0 h1:echGqiJYxqwI1PQAppd8PrBM2e6E4G46NQugrTpL/wU=
github.com/tj/docopt v1.0.0/go.mod h1:UWdJekySvYOgmpTJtkPaWS4fvSKYba+U6+E2iKJCV/I=
github.com/tj/go-gracefully v0.0.0-20141227061038-005c1d102f1b h1:EjOGYW5FYZMUVtXjWl01EY359uYLfzTcOkxuNTcKZYc=
github.com/tj/go-gracefully v0.0.0-20141227061038-005c1d102f1b/go.mod h1:uqlTeGUUfRdQvlQGkv+DYe3lLST3DionEwMA9YAYibY=
github.com/tj/nsq_to_postgres v0.0.1 h1:79xs1o+yKJZ1hlcN56vf3tyb2DeTfc0EcclCDmiS9Q8=
github.com/tj/nsq_to_postgres v0.0.1/go.mod h1:mkZ4SVBASdQTWJoddEf5Xqf+6RQyoZjChrFYQFmYgkM=
gopkg.in/check.v1 v0.0.0-20161208181325-20d25e280405/go.mod h1:Co6ibVJAznAaIkqp8huTwlJQCZ016jof/cbN4VW5Yz0=
gopkg.in/yaml.v2 v2.4.0 h1:D8xgwECY7CYvx+Y2n4sBz93Jn9JRvxdiyyo8CTfuKaY=
gopkg.in/yaml.v2 v2.4.0/go.mod h1:RDklbk79AGWmwhnvt/jBztapEOGDOx6ZbXqjP6csGnQ=
